<?xml version="1.0" encoding="utf-8"?>
<Project ToolsVersion="4.0" xmlns="http://schemas.microsoft.com/developer/msbuild/2003">
  <ItemGroup>
    <Filter Include="Source Files">
      <UniqueIdentifier>{4FC737F1-C7A5-4376-A066-2A32D752A2FF}</UniqueIdentifier>
      <Extensions>qml;cpp;c;cc;cxx;def;odl;idl;hpj;bat;asm;asmx</Extensions>
    </Filter>
    <Filter Include="Header Files">
      <UniqueIdentifier>{93995380-89BD-4b04-88EB-625FBE52EBFB}</UniqueIdentifier>
      <Extensions>h;hh;hpp;hxx;hm;inl;inc;xsd</Extensions>
    </Filter>
    <Filter Include="Resource Files">
      <UniqueIdentifier>{67DA6AB6-F800-4c08-8B7A-83BB121AAD01}</UniqueIdentifier>
      <Extensions>qrc;rc;ico;cur;bmp;dlg;rc2;rct;bin;rgs;gif;jpg;jpeg;jpe;resx;tiff;tif;png;wav;mfcribbon-ms</Extensions>
    </Filter>
    <Filter Include="Form Files">
      <UniqueIdentifier>{99349809-55BA-4b9d-BF79-8FDBB0286EB3}</UniqueIdentifier>
      <Extensions>ui</Extensions>
    </Filter>
    <Filter Include="Translation Files">
      <UniqueIdentifier>{639EADAA-A684-42e4-A9AD-28FC9BCB8F7C}</UniqueIdentifier>
      <Extensions>ts</Extensions>
    </Filter>
  </ItemGroup>
  <ItemGroup>
    <ClInclude Include="crypto\blowfish.h">
      <Filter>Header Files</Filter>
    </ClInclude>
    <ClInclude Include="crypto\iceborne_crypt.h">
      <Filter>Header Files</Filter>
    </ClInclude>
    <ClInclude Include="crypto\sha1.h">
      <Filter>Header Files</Filter>
    </ClInclude>
    <ClInclude Include="data\BitmapDB.h">
      <Filter>Header Files</Filter>
    </ClInclude>
    <ClInclude Include="data\ItemDB.h">
      <Filter>Header Files</Filter>
    </ClInclude>
    <ClInclude Include="gui\common\Notification.h">
      <Filter>Header Files</Filter>
    </ClInclude>
    <ClInclude Include="gui\common\WheelGuard.h">
      <Filter>Header Files</Filter>
    </ClInclude>
    <ClInclude Include="resource.h">
      <Filter>Header Files</Filter>
    </ClInclude>
    <ClInclude Include="types\constants.h">
      <Filter>Header Files</Filter>
    </ClInclude>
    <ClInclude Include="types\editor_enums.h">
      <Filter>Header Files</Filter>
    </ClInclude>
    <ClInclude Include="types\file\gmd.h">
      <Filter>Header Files</Filter>
    </ClInclude>
    <ClInclude Include="types\file\itm.h">
      <Filter>Header Files</Filter>
    </ClInclude>
    <ClInclude Include="types\inventory_areas.h">
      <Filter>Header Files</Filter>
    </ClInclude>
    <ClInclude Include="types\mhw_enums.h">
      <Filter>Header Files</Filter>
    </ClInclude>
    <ClInclude Include="types\mhw_save.h">
      <Filter>Header Files</Filter>
    </ClInclude>
    <ClInclude Include="types\mhw_struct_constants.h">
      <Filter>Header Files</Filter>
    </ClInclude>
    <ClInclude Include="types\types.h">
      <Filter>Header Files</Filter>
    </ClInclude>
    <ClInclude Include="utility\common\Settings.h">
      <Filter>Header Files</Filter>
    </ClInclude>
    <ClInclude Include="utility\common\StringByteLengthValidator.h">
      <Filter>Header Files</Filter>
    </ClInclude>
    <ClInclude Include="utility\common\saveloader.h">
      <Filter>Header Files</Filter>
    </ClInclude>
    <ClInclude Include="utility\endian.h">
      <Filter>Header Files</Filter>
    </ClInclude>
    <ClInclude Include="utility\mhw_save_utils.h">
      <Filter>Header Files</Filter>
    </ClInclude>
    <ClInclude Include="utility\settype.h">
      <Filter>Header Files</Filter>
    </ClInclude>
    <ClInclude Include="utility\system\file_utils.h">
      <Filter>Header Files</Filter>
    </ClInclude>
    <ClInclude Include="types\file\am_dat.h">
      <Filter>Header Files</Filter>
    </ClInclude>
    <ClInclude Include="data\EquipmentDB.h">
      <Filter>Header Files</Filter>
    </ClInclude>
    <ClInclude Include="utility\read_bin_file.h">
      <Filter>Header Files</Filter>
    </ClInclude>
    <ClInclude Include="types\language.h">
      <Filter>Header Files</Filter>
    </ClInclude>
    <ClInclude Include="utility\system\paths.h">
      <Filter>Header Files</Filter>
    </ClInclude>
    <ClInclude Include="types\file\wp_dat.h">
      <Filter>Header Files</Filter>
    </ClInclude>
    <ClInclude Include="types\file\wp_dat_g.h">
      <Filter>Header Files</Filter>
    </ClInclude>
    <ClInclude Include="types\file\rod_inse.h">
      <Filter>Header Files</Filter>
    </ClInclude>
  </ItemGroup>
  <ItemGroup>
    <ClCompile Include="data\BitmapDB.cpp">
      <Filter>Source Files</Filter>
    </ClCompile>
    <ClCompile Include="data\ItemDB.cpp">
      <Filter>Source Files</Filter>
    </ClCompile>
    <ClCompile Include="gui\common\Notification.cpp">
      <Filter>Source Files</Filter>
    </ClCompile>
    <ClCompile Include="gui\common\WheelGuard.cpp">
      <Filter>Source Files</Filter>
    </ClCompile>
    <ClCompile Include="gui\info\generalinfo.cpp">
      <Filter>Source Files</Filter>
    </ClCompile>
    <ClCompile Include="gui\info\hunterinfo.cpp">
      <Filter>Source Files</Filter>
    </ClCompile>
    <ClCompile Include="gui\info\limitedunlocks.cpp">
      <Filter>Source Files</Filter>
    </ClCompile>
    <ClCompile Include="gui\inventory\inventoryeditor.cpp">
      <Filter>Source Files</Filter>
    </ClCompile>
    <ClCompile Include="gui\inventory\inventoryeditortab.cpp">
      <Filter>Source Files</Filter>
    </ClCompile>
    <ClCompile Include="gui\inventory\itemslotview.cpp">
      <Filter>Source Files</Filter>
    </ClCompile>
    <ClCompile Include="gui\mhwisaveeditor.cpp">
      <Filter>Source Files</Filter>
    </ClCompile>
    <ClCompile Include="gui\settings\settingsui.cpp">
      <Filter>Source Files</Filter>
    </ClCompile>
    <ClCompile Include="main.cpp">
      <Filter>Source Files</Filter>
    </ClCompile>
    <ClCompile Include="utility\common\Settings.cpp">
      <Filter>Source Files</Filter>
    </ClCompile>
    <ClCompile Include="utility\common\StringByteLengthValidator.cpp">
      <Filter>Source Files</Filter>
    </ClCompile>
    <ClCompile Include="data\EquipmentDB.cpp">
      <Filter>Source Files</Filter>
    </ClCompile>
  </ItemGroup>
  <ItemGroup>
    <QtMoc Include="gui\info\generalinfo.h">
      <Filter>Header Files</Filter>
    </QtMoc>
    <QtMoc Include="gui\info\hunterinfo.h">
      <Filter>Header Files</Filter>
    </QtMoc>
    <QtMoc Include="gui\info\limitedunlocks.h">
      <Filter>Header Files</Filter>
    </QtMoc>
    <QtMoc Include="gui\inventory\inventoryeditor.h">
      <Filter>Header Files</Filter>
    </QtMoc>
    <QtMoc Include="gui\inventory\inventoryeditortab.h">
      <Filter>Header Files</Filter>
    </QtMoc>
    <QtMoc Include="gui\inventory\itemslotview.h">
      <Filter>Header Files</Filter>
    </QtMoc>
    <QtMoc Include="gui\mhwisaveeditor.h">
      <Filter>Header Files</Filter>
    </QtMoc>
    <QtMoc Include="gui\settings\settingsui.h">
      <Filter>Header Files</Filter>
    </QtMoc>
  </ItemGroup>
  <ItemGroup>
    <QtUic Include="gui\info\generalinfo.ui">
      <Filter>Form Files</Filter>
    </QtUic>
    <QtUic Include="gui\info\hunterinfo.ui">
      <Filter>Form Files</Filter>
    </QtUic>
    <QtUic Include="gui\info\limitedunlocks.ui">
      <Filter>Form Files</Filter>
    </QtUic>
    <QtUic Include="gui\inventory\inventoryeditor.ui">
      <Filter>Form Files</Filter>
    </QtUic>
    <QtUic Include="gui\inventory\inventoryeditortab.ui">
      <Filter>Form Files</Filter>
    </QtUic>
    <QtUic Include="gui\inventory\itemslotview.ui">
      <Filter>Form Files</Filter>
    </QtUic>
    <QtUic Include="gui\mhwisaveeditor.ui">
      <Filter>Form Files</Filter>
    </QtUic>
    <QtUic Include="gui\settings\settingsui.ui">
      <Filter>Form Files</Filter>
    </QtUic>
  </ItemGroup>
  <ItemGroup>
    <Image Include="res\icon.ico">
      <Filter>Resource Files</Filter>
    </Image>
    <Image Include="res\items.png">
      <Filter>Resource Files</Filter>
    </Image>
    <Image Include="res\items_mask.png">
      <Filter>Resource Files</Filter>
    </Image>
  </ItemGroup>
  <ItemGroup>
    <None Include="res\CustomFlags.bin" />
    <None Include="res\mapping\CalcUnknown.ipynb" />
    <None Include="res\mapping\Mapping.ods" />
    <None Include="res\mapping\MonsterHunterWorld.CT" />
    <None Include="res\mapping\ProgressStructGenerator.ipynb" />
    <None Include="res\mapping\SAVEDATA1000.bt" />
    <None Include="res\mapping\SAVEDATA1000_basegame.bt" />
    <None Include="res\mapping\allow_layered_crafts.1sc" />
    <None Include="res\mapping\armor_items.1sc" />
    <None Include="res\mapping\copy_unknown.1sc" />
    <None Include="res\mapping\dlc.csv" />
    <None Include="res\mapping\dump_save_structure.1sc" />
    <None Include="res\mapping\export_items.1sc" />
    <None Include="res\mapping\export_obtainable_mask.1sc" />
    <None Include="res\mapping\export_save_equipment.1sc" />
    <None Include="res\mapping\export_unsafe_item_mask.1sc" />
    <None Include="res\mapping\gmd.bt" />
    <None Include="res\mapping\itm.bt" />
    <None Include="res\mapping\max_all_items.1sc" />
    <None Include="res\mapping\test_data.1sc" />
    <None Include="res\mapping\types.bt" />
    <None Include="res\mapping\uct.bt" />
    <None Include="res\translations\mhwisaveeditor_template.qm" />
    <None Include="setup.iss" />
    <None Include="res\mapping\am_dat.bt" />
    <None Include="res\mapping\mask_generator.1sc" />
    <None Include="res\mapping\wp_dat.bt" />
    <None Include="res\mapping\wp_dat_g.bt" />
    <None Include="res\mapping\rod_inse.bt" />
  </ItemGroup>
  <ItemGroup>
    <ResourceCompile Include="MHWISaveEditor.rc">
      <Filter>Resource Files</Filter>
    </ResourceCompile>
  </ItemGroup>
  <ItemGroup>
    <Text Include="res\mapping\note.txt" />
  </ItemGroup>
  <ItemGroup>
    <QtTranslation Include="res\translations\mhwisaveeditor_template.ts">
      <Filter>Translation Files</Filter>
    </QtTranslation>
    <QtTranslation Include="res\translations\mhwisaveeditor_zh_CN.ts">
      <Filter>Translation Files</Filter>
    </QtTranslation>
  </ItemGroup>
</Project>